
Microsoft Visual Studio Solution File, Format Version 12.00
# Visual Studio Version 16
VisualStudioVersion = 16.0.30717.126
MinimumVisualStudioVersion = 10.0.40219.1
Project("{9A19103F-16F7-4668-BE54-9A1E7A4F7556}") = "ClaritiProject", "ClaritiProject.csproj", "{ABFD250C-569B-439F-B624-BE2720F78819}"
EndProject
Project("{FAE04EC0-301F-11D3-BF4B-00C04F79EFBC}") = "ClaritiTest", "..\ClaritiTest\ClaritiTest.csproj", "{419B816D-E18E-457F-B01A-5D391F16A020}"
EndProject
Global
	GlobalSection(SolutionConfigurationPlatforms) = preSolution
		Debug|Any CPU = Debug|Any CPU
		Release|Any CPU = Release|Any CPU
	EndGlobalSection
	GlobalSection(ProjectConfigurationPlatforms) = postSolution
		{ABFD250C-569B-439F-B624-BE2720F78819}.Debug|Any CPU.ActiveCfg = Debug|Any CPU
		{ABFD250C-569B-439F-B624-BE2720F78819}.Debug|Any CPU.Build.0 = Debug|Any CPU
		{ABFD250C-569B-439F-B624-BE2720F78819}.Release|Any CPU.ActiveCfg = Release|Any CPU
		{ABFD250C-569B-439F-B624-BE2720F78819}.Release|Any CPU.Build.0 = Release|Any CPU
		{419B816D-E18E-457F-B01A-5D391F16A020}.Debug|Any CPU.ActiveCfg = Debug|Any CPU
		{419B816D-E18E-457F-B01A-5D391F16A020}.Debug|Any CPU.Build.0 = Debug|Any CPU
		{419B816D-E18E-457F-B01A-5D391F16A020}.Release|Any CPU.ActiveCfg = Release|Any CPU
		{419B816D-E18E-457F-B01A-5D391F16A020}.Release|Any CPU.Build.0 = Release|Any CPU
	EndGlobalSection
	GlobalSection(SolutionProperties) = preSolution
		HideSolutionNode = FALSE
	EndGlobalSection
	GlobalSection(ExtensibilityGlobals) = postSolution
		SolutionGuid = {8F578FC1-6398-4F12-BCD6-5B1631BC172D}
	EndGlobalSection
EndGlobal
